
Microsoft Visual Studio Solution File, Format Version 12.00
# Visual Studio Version 17
VisualStudioVersion = 17.13.35825.156 d17.13
MinimumVisualStudioVersion = 10.0.40219.1
Project("{FAE04EC0-301F-11D3-BF4B-00C04F79EFBC}") = "EnterpriseApp.OTP", "EnterpriseApp.OTP.csproj", "{9E882793-5BBA-4AC5-8EBD-CB6884343281}"
EndProject
Global
	GlobalSection(SolutionConfigurationPlatforms) = preSolution
		Debug|Any CPU = Debug|Any CPU
		Release|Any CPU = Release|Any CPU
	EndGlobalSection
	GlobalSection(ProjectConfigurationPlatforms) = postSolution
		{9E882793-5BBA-4AC5-8EBD-CB6884343281}.Debug|Any CPU.ActiveCfg = Debug|Any CPU
		{9E882793-5BBA-4AC5-8EBD-CB6884343281}.Debug|Any CPU.Build.0 = Debug|Any CPU
		{9E882793-5BBA-4AC5-8EBD-CB6884343281}.Release|Any CPU.ActiveCfg = Release|Any CPU
		{9E882793-5BBA-4AC5-8EBD-CB6884343281}.Release|Any CPU.Build.0 = Release|Any CPU
	EndGlobalSection
	GlobalSection(SolutionProperties) = preSolution
		HideSolutionNode = FALSE
	EndGlobalSection
	GlobalSection(ExtensibilityGlobals) = postSolution
		SolutionGuid = {6DA0463F-8DF3-4AD7-B697-549C2E7B742F}
	EndGlobalSection
EndGlobal
